
Microsoft Visual Studio Solution File, Format Version 12.00
# Visual Studio 15
VisualStudioVersion = 15.0.27703.2026
MinimumVisualStudioVersion = 10.0.40219.1
Project("{FAE04EC0-301F-11D3-BF4B-00C04F79EFBC}") = "HW4_CarConstrucor", "HW4_CarConstrucor\HW4_CarConstrucor.csproj", "{9F4BFEFF-DD5D-4698-BE98-BF65B3FE610E}"
EndProject
Global
	GlobalSection(SolutionConfigurationPlatforms) = preSolution
		Debug|Any CPU = Debug|Any CPU
		Release|Any CPU = Release|Any CPU
	EndGlobalSection
	GlobalSection(ProjectConfigurationPlatforms) = postSolution
		{9F4BFEFF-DD5D-4698-BE98-BF65B3FE610E}.Debug|Any CPU.ActiveCfg = Debug|Any CPU
		{9F4BFEFF-DD5D-4698-BE98-BF65B3FE610E}.Debug|Any CPU.Build.0 = Debug|Any CPU
		{9F4BFEFF-DD5D-4698-BE98-BF65B3FE610E}.Release|Any CPU.ActiveCfg = Release|Any CPU
		{9F4BFEFF-DD5D-4698-BE98-BF65B3FE610E}.Release|Any CPU.Build.0 = Release|Any CPU
	EndGlobalSection
	GlobalSection(SolutionProperties) = preSolution
		HideSolutionNode = FALSE
	EndGlobalSection
	GlobalSection(ExtensibilityGlobals) = postSolution
		SolutionGuid = {69E6AFF4-F50A-4718-8ADF-ACC2A8BE7660}
	EndGlobalSection
EndGlobal
